
Microsoft Visual Studio Solution File, Format Version 12.00
# Visual Studio Version 16
VisualStudioVersion = 16.0.29009.5
MinimumVisualStudioVersion = 10.0.40219.1
Project("{8BC9CEB8-8B4A-11D0-8D11-00A0C91BC942}") = "FinalProduct", "FinalProduct\FinalProduct.vcxproj", "{BA93FD39-B29A-486C-B37F-DB0E1BF5B9E2}"
EndProject
Project("{8BC9CEB8-8B4A-11D0-8D11-00A0C91BC942}") = "FindPrimeNumbers", "FindPrimeNumbers\FindPrimeNumbers.vcxproj", "{FAE437B2-832A-43BB-8BE0-FC97F9575953}"
EndProject
Project("{8BC9CEB8-8B4A-11D0-8D11-00A0C91BC942}") = "PalindromExercise", "PalindromExercise\PalindromExercise.vcxproj", "{0956B7C9-49AF-45DD-A3B1-ECD440BB83CA}"
EndProject
Project("{8BC9CEB8-8B4A-11D0-8D11-00A0C91BC942}") = "Anagrams", "Anagrams\Anagrams.vcxproj", "{4DD080B4-BA76-4318-9D7C-C0C3C67349B7}"
EndProject
Project("{8BC9CEB8-8B4A-11D0-8D11-00A0C91BC942}") = "Factorial!", "Factorial!\Factorial!.vcxproj", "{86CB2E6D-2D83-4739-9C99-ED2A648B9886}"
EndProject
Project("{8BC9CEB8-8B4A-11D0-8D11-00A0C91BC942}") = "ToggleString", "ToggleString\ToggleString.vcxproj", "{6988C0BA-00A8-4844-9590-654120F9CF25}"
EndProject
Project("{8BC9CEB8-8B4A-11D0-8D11-00A0C91BC942}") = "CostOfBalloons", "CostOfBalloons\CostOfBalloons.vcxproj", "{03A71032-86B0-43ED-8B8A-F2B77B15E28A}"
EndProject
Project("{8BC9CEB8-8B4A-11D0-8D11-00A0C91BC942}") = "CountDivisors", "CountDivisors\CountDivisors.vcxproj", "{F4DAA509-DB44-40A8-91EC-9345D0733423}"
EndProject
Project("{8BC9CEB8-8B4A-11D0-8D11-00A0C91BC942}") = "Cipher", "Cipher\Cipher.vcxproj", "{25B6A400-1C10-4FAC-A6FC-47B2531943C1}"
EndProject
Project("{8BC9CEB8-8B4A-11D0-8D11-00A0C91BC942}") = "SeatingArrangement", "SeatingArrangement\SeatingArrangement.vcxproj", "{1FA44873-A074-41F8-BD62-BE12003AE412}"
EndProject
Project("{8BC9CEB8-8B4A-11D0-8D11-00A0C91BC942}") = "TwoStrings", "TwoStrings\TwoStrings.vcxproj", "{201224AD-F62A-49EA-897C-655C4FF77E97}"
EndProject
Project("{8BC9CEB8-8B4A-11D0-8D11-00A0C91BC942}") = "BestIndex", "BestIndex\BestIndex.vcxproj", "{46FBE584-0F46-4B9C-99DB-1171496E19AD}"
EndProject
Project("{8BC9CEB8-8B4A-11D0-8D11-00A0C91BC942}") = "ProfilePictureSize", "ProfilePictureSize\ProfilePictureSize.vcxproj", "{38FFA46F-775B-4248-992D-22CED6A6C81B}"
EndProject
Project("{8BC9CEB8-8B4A-11D0-8D11-00A0C91BC942}") = "CharSum", "CharSum\CharSum.vcxproj", "{5B3872B1-B614-41CF-B74E-1C800841EBD5}"
EndProject
Project("{8BC9CEB8-8B4A-11D0-8D11-00A0C91BC942}") = "Duration", "Duration\Duration.vcxproj", "{FC0B73E7-CCEA-429D-9E10-0F26DD4950E3}"
EndProject
Project("{8BC9CEB8-8B4A-11D0-8D11-00A0C91BC942}") = "e-maze-in", "e-maze-in\e-maze-in.vcxproj", "{FB3415D6-9208-4433-8B4E-7C52DF68E683}"
EndProject
Project("{8BC9CEB8-8B4A-11D0-8D11-00A0C91BC942}") = "BricksGame", "BricksGame\BricksGame.vcxproj", "{E743FA86-2A38-4EF2-9D20-90F7F7EE7240}"
EndProject
Project("{8BC9CEB8-8B4A-11D0-8D11-00A0C91BC942}") = "CheckValidTag", "CheckValidTag\CheckValidTag.vcxproj", "{C6ED51D2-B1A2-4BCC-B57C-238F5CBB469F}"
EndProject
Project("{8BC9CEB8-8B4A-11D0-8D11-00A0C91BC942}") = "LiftQueries", "LiftQueries\LiftQueries.vcxproj", "{9B94F362-7279-4319-AAEA-DA2EF4333707}"
EndProject
Project("{8BC9CEB8-8B4A-11D0-8D11-00A0C91BC942}") = "BookOfPotions", "BookOfPotions\BookOfPotions.vcxproj", "{C2CB012E-9327-45E9-A9CE-60253E45A5FB}"
EndProject
Global
	GlobalSection(SolutionConfigurationPlatforms) = preSolution
		Debug|x64 = Debug|x64
		Debug|x86 = Debug|x86
		Release|x64 = Release|x64
		Release|x86 = Release|x86
	EndGlobalSection
	GlobalSection(ProjectConfigurationPlatforms) = postSolution
		{BA93FD39-B29A-486C-B37F-DB0E1BF5B9E2}.Debug|x64.ActiveCfg = Debug|x64
		{BA93FD39-B29A-486C-B37F-DB0E1BF5B9E2}.Debug|x64.Build.0 = Debug|x64
		{BA93FD39-B29A-486C-B37F-DB0E1BF5B9E2}.Debug|x86.ActiveCfg = Debug|Win32
		{BA93FD39-B29A-486C-B37F-DB0E1BF5B9E2}.Debug|x86.Build.0 = Debug|Win32
		{BA93FD39-B29A-486C-B37F-DB0E1BF5B9E2}.Release|x64.ActiveCfg = Release|x64
		{BA93FD39-B29A-486C-B37F-DB0E1BF5B9E2}.Release|x64.Build.0 = Release|x64
		{BA93FD39-B29A-486C-B37F-DB0E1BF5B9E2}.Release|x86.ActiveCfg = Release|Win32
		{BA93FD39-B29A-486C-B37F-DB0E1BF5B9E2}.Release|x86.Build.0 = Release|Win32
		{FAE437B2-832A-43BB-8BE0-FC97F9575953}.Debug|x64.ActiveCfg = Debug|x64
		{FAE437B2-832A-43BB-8BE0-FC97F9575953}.Debug|x64.Build.0 = Debug|x64
		{FAE437B2-832A-43BB-8BE0-FC97F9575953}.Debug|x86.ActiveCfg = Debug|Win32
		{FAE437B2-832A-43BB-8BE0-FC97F9575953}.Debug|x86.Build.0 = Debug|Win32
		{FAE437B2-832A-43BB-8BE0-FC97F9575953}.Release|x64.ActiveCfg = Release|x64
		{FAE437B2-832A-43BB-8BE0-FC97F9575953}.Release|x64.Build.0 = Release|x64
		{FAE437B2-832A-43BB-8BE0-FC97F9575953}.Release|x86.ActiveCfg = Release|Win32
		{FAE437B2-832A-43BB-8BE0-FC97F9575953}.Release|x86.Build.0 = Release|Win32
		{0956B7C9-49AF-45DD-A3B1-ECD440BB83CA}.Debug|x64.ActiveCfg = Debug|x64
		{0956B7C9-49AF-45DD-A3B1-ECD440BB83CA}.Debug|x64.Build.0 = Debug|x64
		{0956B7C9-49AF-45DD-A3B1-ECD440BB83CA}.Debug|x86.ActiveCfg = Debug|Win32
		{0956B7C9-49AF-45DD-A3B1-ECD440BB83CA}.Debug|x86.Build.0 = Debug|Win32
		{0956B7C9-49AF-45DD-A3B1-ECD440BB83CA}.Release|x64.ActiveCfg = Release|x64
		{0956B7C9-49AF-45DD-A3B1-ECD440BB83CA}.Release|x64.Build.0 = Release|x64
		{0956B7C9-49AF-45DD-A3B1-ECD440BB83CA}.Release|x86.ActiveCfg = Release|Win32
		{0956B7C9-49AF-45DD-A3B1-ECD440BB83CA}.Release|x86.Build.0 = Release|Win32
		{4DD080B4-BA76-4318-9D7C-C0C3C67349B7}.Debug|x64.ActiveCfg = Debug|x64
		{4DD080B4-BA76-4318-9D7C-C0C3C67349B7}.Debug|x64.Build.0 = Debug|x64
		{4DD080B4-BA76-4318-9D7C-C0C3C67349B7}.Debug|x86.ActiveCfg = Debug|Win32
		{4DD080B4-BA76-4318-9D7C-C0C3C67349B7}.Debug|x86.Build.0 = Debug|Win32
		{4DD080B4-BA76-4318-9D7C-C0C3C67349B7}.Release|x64.ActiveCfg = Release|x64
		{4DD080B4-BA76-4318-9D7C-C0C3C67349B7}.Release|x64.Build.0 = Release|x64
		{4DD080B4-BA76-4318-9D7C-C0C3C67349B7}.Release|x86.ActiveCfg = Release|Win32
		{4DD080B4-BA76-4318-9D7C-C0C3C67349B7}.Release|x86.Build.0 = Release|Win32
		{86CB2E6D-2D83-4739-9C99-ED2A648B9886}.Debug|x64.ActiveCfg = Debug|x64
		{86CB2E6D-2D83-4739-9C99-ED2A648B9886}.Debug|x64.Build.0 = Debug|x64
		{86CB2E6D-2D83-4739-9C99-ED2A648B9886}.Debug|x86.ActiveCfg = Debug|Win32
		{86CB2E6D-2D83-4739-9C99-ED2A648B9886}.Debug|x86.Build.0 = Debug|Win32
		{86CB2E6D-2D83-4739-9C99-ED2A648B9886}.Release|x64.ActiveCfg = Release|x64
		{86CB2E6D-2D83-4739-9C99-ED2A648B9886}.Release|x64.Build.0 = Release|x64
		{86CB2E6D-2D83-4739-9C99-ED2A648B9886}.Release|x86.ActiveCfg = Release|Win32
		{86CB2E6D-2D83-4739-9C99-ED2A648B9886}.Release|x86.Build.0 = Release|Win32
		{6988C0BA-00A8-4844-9590-654120F9CF25}.Debug|x64.ActiveCfg = Debug|x64
		{6988C0BA-00A8-4844-9590-654120F9CF25}.Debug|x64.Build.0 = Debug|x64
		{6988C0BA-00A8-4844-9590-654120F9CF25}.Debug|x86.ActiveCfg = Debug|Win32
		{6988C0BA-00A8-4844-9590-654120F9CF25}.Debug|x86.Build.0 = Debug|Win32
		{6988C0BA-00A8-4844-9590-654120F9CF25}.Release|x64.ActiveCfg = Release|x64
		{6988C0BA-00A8-4844-9590-654120F9CF25}.Release|x64.Build.0 = Release|x64
		{6988C0BA-00A8-4844-9590-654120F9CF25}.Release|x86.ActiveCfg = Release|Win32
		{6988C0BA-00A8-4844-9590-654120F9CF25}.Release|x86.Build.0 = Release|Win32
		{03A71032-86B0-43ED-8B8A-F2B77B15E28A}.Debug|x64.ActiveCfg = Debug|x64
		{03A71032-86B0-43ED-8B8A-F2B77B15E28A}.Debug|x64.Build.0 = Debug|x64
		{03A71032-86B0-43ED-8B8A-F2B77B15E28A}.Debug|x86.ActiveCfg = Debug|Win32
		{03A71032-86B0-43ED-8B8A-F2B77B15E28A}.Debug|x86.Build.0 = Debug|Win32
		{03A71032-86B0-43ED-8B8A-F2B77B15E28A}.Release|x64.ActiveCfg = Release|x64
		{03A71032-86B0-43ED-8B8A-F2B77B15E28A}.Release|x64.Build.0 = Release|x64
		{03A71032-86B0-43ED-8B8A-F2B77B15E28A}.Release|x86.ActiveCfg = Release|Win32
		{03A71032-86B0-43ED-8B8A-F2B77B15E28A}.Release|x86.Build.0 = Release|Win32
		{F4DAA509-DB44-40A8-91EC-9345D0733423}.Debug|x64.ActiveCfg = Debug|x64
		{F4DAA509-DB44-40A8-91EC-9345D0733423}.Debug|x64.Build.0 = Debug|x64
		{F4DAA509-DB44-40A8-91EC-9345D0733423}.Debug|x86.ActiveCfg = Debug|Win32
		{F4DAA509-DB44-40A8-91EC-9345D0733423}.Debug|x86.Build.0 = Debug|Win32
		{F4DAA509-DB44-40A8-91EC-9345D0733423}.Release|x64.ActiveCfg = Release|x64
		{F4DAA509-DB44-40A8-91EC-9345D0733423}.Release|x64.Build.0 = Release|x64
		{F4DAA509-DB44-40A8-91EC-9345D0733423}.Release|x86.ActiveCfg = Release|Win32
		{F4DAA509-DB44-40A8-91EC-9345D0733423}.Release|x86.Build.0 = Release|Win32
		{25B6A400-1C10-4FAC-A6FC-47B2531943C1}.Debug|x64.ActiveCfg = Debug|x64
		{25B6A400-1C10-4FAC-A6FC-47B2531943C1}.Debug|x64.Build.0 = Debug|x64
		{25B6A400-1C10-4FAC-A6FC-47B2531943C1}.Debug|x86.ActiveCfg = Debug|Win32
		{25B6A400-1C10-4FAC-A6FC-47B2531943C1}.Debug|x86.Build.0 = Debug|Win32
		{25B6A400-1C10-4FAC-A6FC-47B2531943C1}.Release|x64.ActiveCfg = Release|x64
		{25B6A400-1C10-4FAC-A6FC-47B2531943C1}.Release|x64.Build.0 = Release|x64
		{25B6A400-1C10-4FAC-A6FC-47B2531943C1}.Release|x86.ActiveCfg = Release|Win32
		{25B6A400-1C10-4FAC-A6FC-47B2531943C1}.Release|x86.Build.0 = Release|Win32
		{1FA44873-A074-41F8-BD62-BE12003AE412}.Debug|x64.ActiveCfg = Debug|x64
		{1FA44873-A074-41F8-BD62-BE12003AE412}.Debug|x64.Build.0 = Debug|x64
		{1FA44873-A074-41F8-BD62-BE12003AE412}.Debug|x86.ActiveCfg = Debug|Win32
		{1FA44873-A074-41F8-BD62-BE12003AE412}.Debug|x86.Build.0 = Debug|Win32
		{1FA44873-A074-41F8-BD62-BE12003AE412}.Release|x64.ActiveCfg = Release|x64
		{1FA44873-A074-41F8-BD62-BE12003AE412}.Release|x64.Build.0 = Release|x64
		{1FA44873-A074-41F8-BD62-BE12003AE412}.Release|x86.ActiveCfg = Release|Win32
		{1FA44873-A074-41F8-BD62-BE12003AE412}.Release|x86.Build.0 = Release|Win32
		{201224AD-F62A-49EA-897C-655C4FF77E97}.Debug|x64.ActiveCfg = Debug|x64
		{201224AD-F62A-49EA-897C-655C4FF77E97}.Debug|x64.Build.0 = Debug|x64
		{201224AD-F62A-49EA-897C-655C4FF77E97}.Debug|x86.ActiveCfg = Debug|Win32
		{201224AD-F62A-49EA-897C-655C4FF77E97}.Debug|x86.Build.0 = Debug|Win32
		{201224AD-F62A-49EA-897C-655C4FF77E97}.Release|x64.ActiveCfg = Release|x64
		{201224AD-F62A-49EA-897C-655C4FF77E97}.Release|x64.Build.0 = Release|x64
		{201224AD-F62A-49EA-897C-655C4FF77E97}.Release|x86.ActiveCfg = Release|Win32
		{201224AD-F62A-49EA-897C-655C4FF77E97}.Release|x86.Build.0 = Release|Win32
		{46FBE584-0F46-4B9C-99DB-1171496E19AD}.Debug|x64.ActiveCfg = Debug|x64
		{46FBE584-0F46-4B9C-99DB-1171496E19AD}.Debug|x64.Build.0 = Debug|x64
		{46FBE584-0F46-4B9C-99DB-1171496E19AD}.Debug|x86.ActiveCfg = Debug|Win32
		{46FBE584-0F46-4B9C-99DB-1171496E19AD}.Debug|x86.Build.0 = Debug|Win32
		{46FBE584-0F46-4B9C-99DB-1171496E19AD}.Release|x64.ActiveCfg = Release|x64
		{46FBE584-0F46-4B9C-99DB-1171496E19AD}.Release|x64.Build.0 = Release|x64
		{46FBE584-0F46-4B9C-99DB-1171496E19AD}.Release|x86.ActiveCfg = Release|Win32
		{46FBE584-0F46-4B9C-99DB-1171496E19AD}.Release|x86.Build.0 = Release|Win32
		{38FFA46F-775B-4248-992D-22CED6A6C81B}.Debug|x64.ActiveCfg = Debug|x64
		{38FFA46F-775B-4248-992D-22CED6A6C81B}.Debug|x64.Build.0 = Debug|x64
		{38FFA46F-775B-4248-992D-22CED6A6C81B}.Debug|x86.ActiveCfg = Debug|Win32
		{38FFA46F-775B-4248-992D-22CED6A6C81B}.Debug|x86.Build.0 = Debug|Win32
		{38FFA46F-775B-4248-992D-22CED6A6C81B}.Release|x64.ActiveCfg = Release|x64
		{38FFA46F-775B-4248-992D-22CED6A6C81B}.Release|x64.Build.0 = Release|x64
		{38FFA46F-775B-4248-992D-22CED6A6C81B}.Release|x86.ActiveCfg = Release|Win32
		{38FFA46F-775B-4248-992D-22CED6A6C81B}.Release|x86.Build.0 = Release|Win32
		{5B3872B1-B614-41CF-B74E-1C800841EBD5}.Debug|x64.ActiveCfg = Debug|x64
		{5B3872B1-B614-41CF-B74E-1C800841EBD5}.Debug|x64.Build.0 = Debug|x64
		{5B3872B1-B614-41CF-B74E-1C800841EBD5}.Debug|x86.ActiveCfg = Debug|Win32
		{5B3872B1-B614-41CF-B74E-1C800841EBD5}.Debug|x86.Build.0 = Debug|Win32
		{5B3872B1-B614-41CF-B74E-1C800841EBD5}.Release|x64.ActiveCfg = Release|x64
		{5B3872B1-B614-41CF-B74E-1C800841EBD5}.Release|x64.Build.0 = Release|x64
		{5B3872B1-B614-41CF-B74E-1C800841EBD5}.Release|x86.ActiveCfg = Release|Win32
		{5B3872B1-B614-41CF-B74E-1C800841EBD5}.Release|x86.Build.0 = Release|Win32
		{FC0B73E7-CCEA-429D-9E10-0F26DD4950E3}.Debug|x64.ActiveCfg = Debug|x64
		{FC0B73E7-CCEA-429D-9E10-0F26DD4950E3}.Debug|x64.Build.0 = Debug|x64
		{FC0B73E7-CCEA-429D-9E10-0F26DD4950E3}.Debug|x86.ActiveCfg = Debug|Win32
		{FC0B73E7-CCEA-429D-9E10-0F26DD4950E3}.Debug|x86.Build.0 = Debug|Win32
		{FC0B73E7-CCEA-429D-9E10-0F26DD4950E3}.Release|x64.ActiveCfg = Release|x64
		{FC0B73E7-CCEA-429D-9E10-0F26DD4950E3}.Release|x64.Build.0 = Release|x64
		{FC0B73E7-CCEA-429D-9E10-0F26DD4950E3}.Release|x86.ActiveCfg = Release|Win32
		{FC0B73E7-CCEA-429D-9E10-0F26DD4950E3}.Release|x86.Build.0 = Release|Win32
		{FB3415D6-9208-4433-8B4E-7C52DF68E683}.Debug|x64.ActiveCfg = Debug|x64
		{FB3415D6-9208-4433-8B4E-7C52DF68E683}.Debug|x64.Build.0 = Debug|x64
		{FB3415D6-9208-4433-8B4E-7C52DF68E683}.Debug|x86.ActiveCfg = Debug|Win32
		{FB3415D6-9208-4433-8B4E-7C52DF68E683}.Debug|x86.Build.0 = Debug|Win32
		{FB3415D6-9208-4433-8B4E-7C52DF68E683}.Release|x64.ActiveCfg = Release|x64
		{FB3415D6-9208-4433-8B4E-7C52DF68E683}.Release|x64.Build.0 = Release|x64
		{FB3415D6-9208-4433-8B4E-7C52DF68E683}.Release|x86.ActiveCfg = Release|Win32
		{FB3415D6-9208-4433-8B4E-7C52DF68E683}.Release|x86.Build.0 = Release|Win32
		{E743FA86-2A38-4EF2-9D20-90F7F7EE7240}.Debug|x64.ActiveCfg = Debug|x64
		{E743FA86-2A38-4EF2-9D20-90F7F7EE7240}.Debug|x64.Build.0 = Debug|x64
		{E743FA86-2A38-4EF2-9D20-90F7F7EE7240}.Debug|x86.ActiveCfg = Debug|Win32
		{E743FA86-2A38-4EF2-9D20-90F7F7EE7240}.Debug|x86.Build.0 = Debug|Win32
		{E743FA86-2A38-4EF2-9D20-90F7F7EE7240}.Release|x64.ActiveCfg = Release|x64
		{E743FA86-2A38-4EF2-9D20-90F7F7EE7240}.Release|x64.Build.0 = Release|x64
		{E743FA86-2A38-4EF2-9D20-90F7F7EE7240}.Release|x86.ActiveCfg = Release|Win32
		{E743FA86-2A38-4EF2-9D20-90F7F7EE7240}.Release|x86.Build.0 = Release|Win32
		{C6ED51D2-B1A2-4BCC-B57C-238F5CBB469F}.Debug|x64.ActiveCfg = Debug|x64
		{C6ED51D2-B1A2-4BCC-B57C-238F5CBB469F}.Debug|x64.Build.0 = Debug|x64
		{C6ED51D2-B1A2-4BCC-B57C-238F5CBB469F}.Debug|x86.ActiveCfg = Debug|Win32
		{C6ED51D2-B1A2-4BCC-B57C-238F5CBB469F}.Debug|x86.Build.0 = Debug|Win32
		{C6ED51D2-B1A2-4BCC-B57C-238F5CBB469F}.Release|x64.ActiveCfg = Release|x64
		{C6ED51D2-B1A2-4BCC-B57C-238F5CBB469F}.Release|x64.Build.0 = Release|x64
		{C6ED51D2-B1A2-4BCC-B57C-238F5CBB469F}.Release|x86.ActiveCfg = Release|Win32
		{C6ED51D2-B1A2-4BCC-B57C-238F5CBB469F}.Release|x86.Build.0 = Release|Win32
		{9B94F362-7279-4319-AAEA-DA2EF4333707}.Debug|x64.ActiveCfg = Debug|x64
		{9B94F362-7279-4319-AAEA-DA2EF4333707}.Debug|x64.Build.0 = Debug|x64
		{9B94F362-7279-4319-AAEA-DA2EF4333707}.Debug|x86.ActiveCfg = Debug|Win32
		{9B94F362-7279-4319-AAEA-DA2EF4333707}.Debug|x86.Build.0 = Debug|Win32
		{9B94F362-7279-4319-AAEA-DA2EF4333707}.Release|x64.ActiveCfg = Release|x64
		{9B94F362-7279-4319-AAEA-DA2EF4333707}.Release|x64.Build.0 = Release|x64
		{9B94F362-7279-4319-AAEA-DA2EF4333707}.Release|x86.ActiveCfg = Release|Win32
		{9B94F362-7279-4319-AAEA-DA2EF4333707}.Release|x86.Build.0 = Release|Win32
		{C2CB012E-9327-45E9-A9CE-60253E45A5FB}.Debug|x64.ActiveCfg = Debug|x64
		{C2CB012E-9327-45E9-A9CE-60253E45A5FB}.Debug|x64.Build.0 = Debug|x64
		{C2CB012E-9327-45E9-A9CE-60253E45A5FB}.Debug|x86.ActiveCfg = Debug|Win32
		{C2CB012E-9327-45E9-A9CE-60253E45A5FB}.Debug|x86.Build.0 = Debug|Win32
		{C2CB012E-9327-45E9-A9CE-60253E45A5FB}.Release|x64.ActiveCfg = Release|x64
		{C2CB012E-9327-45E9-A9CE-60253E45A5FB}.Release|x64.Build.0 = Release|x64
		{C2CB012E-9327-45E9-A9CE-60253E45A5FB}.Release|x86.ActiveCfg = Release|Win32
		{C2CB012E-9327-45E9-A9CE-60253E45A5FB}.Release|x86.Build.0 = Release|Win32
	EndGlobalSection
	GlobalSection(SolutionProperties) = preSolution
		HideSolutionNode = FALSE
	EndGlobalSection
	GlobalSection(ExtensibilityGlobals) = postSolution
		SolutionGuid = {0C87A0DB-1271-46A9-A8EB-5EC4F57323AA}
	EndGlobalSection
EndGlobal
