
Microsoft Visual Studio Solution File, Format Version 12.00
# Visual Studio Version 16
VisualStudioVersion = 16.0.29009.5
MinimumVisualStudioVersion = 10.0.40219.1
Project("{8BC9CEB8-8B4A-11D0-8D11-00A0C91BC942}") = "FinalProduct", "FinalProduct\FinalProduct.vcxproj", "{BA93FD39-B29A-486C-B37F-DB0E1BF5B9E2}"
EndProject
Project("{8BC9CEB8-8B4A-11D0-8D11-00A0C91BC942}") = "FindPrimeNumbers", "FindPrimeNumbers\FindPrimeNumbers.vcxproj", "{FAE437B2-832A-43BB-8BE0-FC97F9575953}"
EndProject
Project("{8BC9CEB8-8B4A-11D0-8D11-00A0C91BC942}") = "PalindromExercise", "PalindromExercise\PalindromExercise.vcxproj", "{0956B7C9-49AF-45DD-A3B1-ECD440BB83CA}"
EndProject
Project("{8BC9CEB8-8B4A-11D0-8D11-00A0C91BC942}") = "Anagrams", "Anagrams\Anagrams.vcxproj", "{4DD080B4-BA76-4318-9D7C-C0C3C67349B7}"
EndProject
Project("{8BC9CEB8-8B4A-11D0-8D11-00A0C91BC942}") = "Factorial!", "Factorial!\Factorial!.vcxproj", "{86CB2E6D-2D83-4739-9C99-ED2A648B9886}"
EndProject
Project("{8BC9CEB8-8B4A-11D0-8D11-00A0C91BC942}") = "ToggleString", "ToggleString\ToggleString.vcxproj", "{6988C0BA-00A8-4844-9590-654120F9CF25}"
EndProject
Project("{8BC9CEB8-8B4A-11D0-8D11-00A0C91BC942}") = "CostOfBalloons", "CostOfBalloons\CostOfBalloons.vcxproj", "{03A71032-86B0-43ED-8B8A-F2B77B15E28A}"
EndProject
Project("{8BC9CEB8-8B4A-11D0-8D11-00A0C91BC942}") = "CountDivisors", "CountDivisors\CountDivisors.vcxproj", "{F4DAA509-DB44-40A8-91EC-9345D0733423}"
EndProject
Global
	GlobalSection(SolutionConfigurationPlatforms) = preSolution
		Debug|x64 = Debug|x64
		Debug|x86 = Debug|x86
		Release|x64 = Release|x64
		Release|x86 = Release|x86
	EndGlobalSection
	GlobalSection(ProjectConfigurationPlatforms) = postSolution
		{BA93FD39-B29A-486C-B37F-DB0E1BF5B9E2}.Debug|x64.ActiveCfg = Debug|x64
		{BA93FD39-B29A-486C-B37F-DB0E1BF5B9E2}.Debug|x64.Build.0 = Debug|x64
		{BA93FD39-B29A-486C-B37F-DB0E1BF5B9E2}.Debug|x86.ActiveCfg = Debug|Win32
		{BA93FD39-B29A-486C-B37F-DB0E1BF5B9E2}.Debug|x86.Build.0 = Debug|Win32
		{BA93FD39-B29A-486C-B37F-DB0E1BF5B9E2}.Release|x64.ActiveCfg = Release|x64
		{BA93FD39-B29A-486C-B37F-DB0E1BF5B9E2}.Release|x64.Build.0 = Release|x64
		{BA93FD39-B29A-486C-B37F-DB0E1BF5B9E2}.Release|x86.ActiveCfg = Release|Win32
		{BA93FD39-B29A-486C-B37F-DB0E1BF5B9E2}.Release|x86.Build.0 = Release|Win32
		{FAE437B2-832A-43BB-8BE0-FC97F9575953}.Debug|x64.ActiveCfg = Debug|x64
		{FAE437B2-832A-43BB-8BE0-FC97F9575953}.Debug|x64.Build.0 = Debug|x64
		{FAE437B2-832A-43BB-8BE0-FC97F9575953}.Debug|x86.ActiveCfg = Debug|Win32
		{FAE437B2-832A-43BB-8BE0-FC97F9575953}.Debug|x86.Build.0 = Debug|Win32
		{FAE437B2-832A-43BB-8BE0-FC97F9575953}.Release|x64.ActiveCfg = Release|x64
		{FAE437B2-832A-43BB-8BE0-FC97F9575953}.Release|x64.Build.0 = Release|x64
		{FAE437B2-832A-43BB-8BE0-FC97F9575953}.Release|x86.ActiveCfg = Release|Win32
		{FAE437B2-832A-43BB-8BE0-FC97F9575953}.Release|x86.Build.0 = Release|Win32
		{0956B7C9-49AF-45DD-A3B1-ECD440BB83CA}.Debug|x64.ActiveCfg = Debug|x64
		{0956B7C9-49AF-45DD-A3B1-ECD440BB83CA}.Debug|x64.Build.0 = Debug|x64
		{0956B7C9-49AF-45DD-A3B1-ECD440BB83CA}.Debug|x86.ActiveCfg = Debug|Win32
		{0956B7C9-49AF-45DD-A3B1-ECD440BB83CA}.Debug|x86.Build.0 = Debug|Win32
		{0956B7C9-49AF-45DD-A3B1-ECD440BB83CA}.Release|x64.ActiveCfg = Release|x64
		{0956B7C9-49AF-45DD-A3B1-ECD440BB83CA}.Release|x64.Build.0 = Release|x64
		{0956B7C9-49AF-45DD-A3B1-ECD440BB83CA}.Release|x86.ActiveCfg = Release|Win32
		{0956B7C9-49AF-45DD-A3B1-ECD440BB83CA}.Release|x86.Build.0 = Release|Win32
		{4DD080B4-BA76-4318-9D7C-C0C3C67349B7}.Debug|x64.ActiveCfg = Debug|x64
		{4DD080B4-BA76-4318-9D7C-C0C3C67349B7}.Debug|x64.Build.0 = Debug|x64
		{4DD080B4-BA76-4318-9D7C-C0C3C67349B7}.Debug|x86.ActiveCfg = Debug|Win32
		{4DD080B4-BA76-4318-9D7C-C0C3C67349B7}.Debug|x86.Build.0 = Debug|Win32
		{4DD080B4-BA76-4318-9D7C-C0C3C67349B7}.Release|x64.ActiveCfg = Release|x64
		{4DD080B4-BA76-4318-9D7C-C0C3C67349B7}.Release|x64.Build.0 = Release|x64
		{4DD080B4-BA76-4318-9D7C-C0C3C67349B7}.Release|x86.ActiveCfg = Release|Win32
		{4DD080B4-BA76-4318-9D7C-C0C3C67349B7}.Release|x86.Build.0 = Release|Win32
		{86CB2E6D-2D83-4739-9C99-ED2A648B9886}.Debug|x64.ActiveCfg = Debug|x64
		{86CB2E6D-2D83-4739-9C99-ED2A648B9886}.Debug|x64.Build.0 = Debug|x64
		{86CB2E6D-2D83-4739-9C99-ED2A648B9886}.Debug|x86.ActiveCfg = Debug|Win32
		{86CB2E6D-2D83-4739-9C99-ED2A648B9886}.Debug|x86.Build.0 = Debug|Win32
		{86CB2E6D-2D83-4739-9C99-ED2A648B9886}.Release|x64.ActiveCfg = Release|x64
		{86CB2E6D-2D83-4739-9C99-ED2A648B9886}.Release|x64.Build.0 = Release|x64
		{86CB2E6D-2D83-4739-9C99-ED2A648B9886}.Release|x86.ActiveCfg = Release|Win32
		{86CB2E6D-2D83-4739-9C99-ED2A648B9886}.Release|x86.Build.0 = Release|Win32
		{6988C0BA-00A8-4844-9590-654120F9CF25}.Debug|x64.ActiveCfg = Debug|x64
		{6988C0BA-00A8-4844-9590-654120F9CF25}.Debug|x64.Build.0 = Debug|x64
		{6988C0BA-00A8-4844-9590-654120F9CF25}.Debug|x86.ActiveCfg = Debug|Win32
		{6988C0BA-00A8-4844-9590-654120F9CF25}.Debug|x86.Build.0 = Debug|Win32
		{6988C0BA-00A8-4844-9590-654120F9CF25}.Release|x64.ActiveCfg = Release|x64
		{6988C0BA-00A8-4844-9590-654120F9CF25}.Release|x64.Build.0 = Release|x64
		{6988C0BA-00A8-4844-9590-654120F9CF25}.Release|x86.ActiveCfg = Release|Win32
		{6988C0BA-00A8-4844-9590-654120F9CF25}.Release|x86.Build.0 = Release|Win32
		{03A71032-86B0-43ED-8B8A-F2B77B15E28A}.Debug|x64.ActiveCfg = Debug|x64
		{03A71032-86B0-43ED-8B8A-F2B77B15E28A}.Debug|x64.Build.0 = Debug|x64
		{03A71032-86B0-43ED-8B8A-F2B77B15E28A}.Debug|x86.ActiveCfg = Debug|Win32
		{03A71032-86B0-43ED-8B8A-F2B77B15E28A}.Debug|x86.Build.0 = Debug|Win32
		{03A71032-86B0-43ED-8B8A-F2B77B15E28A}.Release|x64.ActiveCfg = Release|x64
		{03A71032-86B0-43ED-8B8A-F2B77B15E28A}.Release|x64.Build.0 = Release|x64
		{03A71032-86B0-43ED-8B8A-F2B77B15E28A}.Release|x86.ActiveCfg = Release|Win32
		{03A71032-86B0-43ED-8B8A-F2B77B15E28A}.Release|x86.Build.0 = Release|Win32
		{F4DAA509-DB44-40A8-91EC-9345D0733423}.Debug|x64.ActiveCfg = Debug|x64
		{F4DAA509-DB44-40A8-91EC-9345D0733423}.Debug|x64.Build.0 = Debug|x64
		{F4DAA509-DB44-40A8-91EC-9345D0733423}.Debug|x86.ActiveCfg = Debug|Win32
		{F4DAA509-DB44-40A8-91EC-9345D0733423}.Debug|x86.Build.0 = Debug|Win32
		{F4DAA509-DB44-40A8-91EC-9345D0733423}.Release|x64.ActiveCfg = Release|x64
		{F4DAA509-DB44-40A8-91EC-9345D0733423}.Release|x64.Build.0 = Release|x64
		{F4DAA509-DB44-40A8-91EC-9345D0733423}.Release|x86.ActiveCfg = Release|Win32
		{F4DAA509-DB44-40A8-91EC-9345D0733423}.Release|x86.Build.0 = Release|Win32
	EndGlobalSection
	GlobalSection(SolutionProperties) = preSolution
		HideSolutionNode = FALSE
	EndGlobalSection
	GlobalSection(ExtensibilityGlobals) = postSolution
		SolutionGuid = {0C87A0DB-1271-46A9-A8EB-5EC4F57323AA}
	EndGlobalSection
EndGlobal
